<?xml version="1.0" encoding="utf-8"?>
<Project ToolsVersion="4.0" xmlns="http://schemas.microsoft.com/developer/msbuild/2003">
  <ItemGroup>
    <ClCompile Include="..\..\utils\glslprogram.cpp" />
    <ClCompile Include="src\main.cpp" />
    <ClCompile Include="src\Plane.cpp" />
    <ClCompile Include="..\..\utils\TextureManager.cpp" />
    <ClCompile Include="..\..\utils\GLUtils.cpp" />
  </ItemGroup>
  <ItemGroup>
    <ClInclude Include="src\Plane.h" />
  </ItemGroup>
  <ItemGroup>
    <None Include="shader\glsl40_silhouette_stencil_glow.frag">
      <Filter>shaders</Filter>
    </None>
    <None Include="shader\glsl40_silhouette_stencil_glow.vert">
      <Filter>shaders</Filter>
    </None>
    <None Include="shader\glsl40_outline.frag">
      <Filter>shaders</Filter>
    </None>
  </ItemGroup>
  <ItemGroup>
    <Filter Include="shaders">
      <UniqueIdentifier>{e99bb8cc-70df-435d-b6a4-0430038f4e81}</UniqueIdentifier>
    </Filter>
  </ItemGroup>
</Project>