
Microsoft Visual Studio Solution File, Format Version 12.00
# Visual Studio 14
VisualStudioVersion = 14.0.23107.0
MinimumVisualStudioVersion = 10.0.40219.1
Project("{8BC9CEB8-8B4A-11D0-8D11-00A0C91BC942}") = "glsl40_plane", "demos\glsl40_plane\glsl40_plane.vcxproj", "{D6B0A0FD-080A-400F-9D68-913E88E79C91}"
EndProject
Project("{8BC9CEB8-8B4A-11D0-8D11-00A0C91BC942}") = "glsl40_basic_tessellation", "demos\glsl40_basic_tessellation\glsl40_basic_tessellation.vcxproj", "{8F58B20C-5C75-4115-A987-DB5F75A3C547}"
EndProject
Project("{8BC9CEB8-8B4A-11D0-8D11-00A0C91BC942}") = "glsl40_texture", "demos\glsl40_texture\glsl40_texture.vcxproj.vcxproj", "{B6ED92FC-9A34-49B3-92F3-1C55D60A8759}"
EndProject
Global
	GlobalSection(SolutionConfigurationPlatforms) = preSolution
		Debug|x64 = Debug|x64
		Debug|x86 = Debug|x86
		Release|x64 = Release|x64
		Release|x86 = Release|x86
	EndGlobalSection
	GlobalSection(ProjectConfigurationPlatforms) = postSolution
		{D6B0A0FD-080A-400F-9D68-913E88E79C91}.Debug|x64.ActiveCfg = Debug|x64
		{D6B0A0FD-080A-400F-9D68-913E88E79C91}.Debug|x64.Build.0 = Debug|x64
		{D6B0A0FD-080A-400F-9D68-913E88E79C91}.Debug|x86.ActiveCfg = Debug|Win32
		{D6B0A0FD-080A-400F-9D68-913E88E79C91}.Debug|x86.Build.0 = Debug|Win32
		{D6B0A0FD-080A-400F-9D68-913E88E79C91}.Release|x64.ActiveCfg = Release|x64
		{D6B0A0FD-080A-400F-9D68-913E88E79C91}.Release|x64.Build.0 = Release|x64
		{D6B0A0FD-080A-400F-9D68-913E88E79C91}.Release|x86.ActiveCfg = Release|Win32
		{D6B0A0FD-080A-400F-9D68-913E88E79C91}.Release|x86.Build.0 = Release|Win32
		{8F58B20C-5C75-4115-A987-DB5F75A3C547}.Debug|x64.ActiveCfg = Debug|x64
		{8F58B20C-5C75-4115-A987-DB5F75A3C547}.Debug|x64.Build.0 = Debug|x64
		{8F58B20C-5C75-4115-A987-DB5F75A3C547}.Debug|x86.ActiveCfg = Debug|Win32
		{8F58B20C-5C75-4115-A987-DB5F75A3C547}.Debug|x86.Build.0 = Debug|Win32
		{8F58B20C-5C75-4115-A987-DB5F75A3C547}.Release|x64.ActiveCfg = Release|x64
		{8F58B20C-5C75-4115-A987-DB5F75A3C547}.Release|x64.Build.0 = Release|x64
		{8F58B20C-5C75-4115-A987-DB5F75A3C547}.Release|x86.ActiveCfg = Release|Win32
		{8F58B20C-5C75-4115-A987-DB5F75A3C547}.Release|x86.Build.0 = Release|Win32
		{B6ED92FC-9A34-49B3-92F3-1C55D60A8759}.Debug|x64.ActiveCfg = Debug|x64
		{B6ED92FC-9A34-49B3-92F3-1C55D60A8759}.Debug|x64.Build.0 = Debug|x64
		{B6ED92FC-9A34-49B3-92F3-1C55D60A8759}.Debug|x86.ActiveCfg = Debug|Win32
		{B6ED92FC-9A34-49B3-92F3-1C55D60A8759}.Debug|x86.Build.0 = Debug|Win32
		{B6ED92FC-9A34-49B3-92F3-1C55D60A8759}.Release|x64.ActiveCfg = Release|x64
		{B6ED92FC-9A34-49B3-92F3-1C55D60A8759}.Release|x64.Build.0 = Release|x64
		{B6ED92FC-9A34-49B3-92F3-1C55D60A8759}.Release|x86.ActiveCfg = Release|Win32
		{B6ED92FC-9A34-49B3-92F3-1C55D60A8759}.Release|x86.Build.0 = Release|Win32
	EndGlobalSection
	GlobalSection(SolutionProperties) = preSolution
		HideSolutionNode = FALSE
	EndGlobalSection
EndGlobal
